
Microsoft Visual Studio Solution File, Format Version 12.00
# Visual Studio Version 17
VisualStudioVersion = 17.14.37203.1 d17.14
MinimumVisualStudioVersion = 10.0.40219.1
Project("{2150E333-8FDC-42A3-9474-1A3956D46DE8}") = "Core", "Core", "{02EA681E-C7D8-13C7-8484-4AC65E1B71E8}"
EndProject
Project("{2150E333-8FDC-42A3-9474-1A3956D46DE8}") = "Pagamentos", "Pagamentos", "{3CB1A534-8A62-4118-9451-79511BDC4EFA}"
EndProject
Project("{2150E333-8FDC-42A3-9474-1A3956D46DE8}") = "Cursos", "Cursos", "{FAB7C805-97C9-4A2F-8D5D-2AE9B480E28C}"
EndProject
Project("{FAE04EC0-301F-11D3-BF4B-00C04F79EFBC}") = "Coldmart.Core.Tests", "tests\Coldmart.Core.Tests\Coldmart.Core.Tests.csproj", "{AEF8A624-9ECF-78C1-D333-86591BBE18B8}"
EndProject
Project("{FAE04EC0-301F-11D3-BF4B-00C04F79EFBC}") = "Coldmart.Core", "src\Coldmart.Core\Coldmart.Core.csproj", "{9E78DEFD-5F19-30EC-6DA8-FCF2CED4FF9F}"
EndProject
Project("{FAE04EC0-301F-11D3-BF4B-00C04F79EFBC}") = "Coldmart.Cursos.Domain", "src\Coldmart.Cursos.Domain\Coldmart.Cursos.Domain.csproj", "{13ACC593-9452-E9E3-874A-488AC595F97C}"
EndProject
Project("{FAE04EC0-301F-11D3-BF4B-00C04F79EFBC}") = "Coldmart.Cursos.Domain.Tests", "tests\Coldmart.Cursos.Domain.Tests\Coldmart.Cursos.Domain.Tests.csproj", "{F6EF255F-1A37-4C5E-B7F6-E82ABF000D65}"
EndProject
Project("{2150E333-8FDC-42A3-9474-1A3956D46DE8}") = "Alunos", "Alunos", "{0A1F7A4C-2FCB-483E-A9E2-0F4E60B5C24A}"
EndProject
Project("{FAE04EC0-301F-11D3-BF4B-00C04F79EFBC}") = "Coldmart.Alunos.Domain", "src\Coldmart.Alunos.Domain\Coldmart.Alunos.Domain.csproj", "{E47DB90D-937E-4DA5-9425-CD82BDB36B46}"
EndProject
Project("{FAE04EC0-301F-11D3-BF4B-00C04F79EFBC}") = "Coldmart.Alunos.Domain.Tests", "tests\Coldmart.Alunos.Domain.Tests\Coldmart.Alunos.Domain.Tests.csproj", "{2EFC67A1-17CA-4811-9B7D-3AEB5F237905}"
EndProject
Project("{FAE04EC0-301F-11D3-BF4B-00C04F79EFBC}") = "Coldmart.Pagamentos.Domain", "src\Coldmart.Pagamentos.Domain\Coldmart.Pagamentos.Domain.csproj", "{53CA63AD-7AB5-4AE8-AA0E-1F60C509B5D4}"
EndProject
Project("{FAE04EC0-301F-11D3-BF4B-00C04F79EFBC}") = "Coldmart.Pagamentos.Domain.Tests", "tests\Coldmart.Pagamentos.Domain.Tests\Coldmart.Pagamentos.Domain.Tests.csproj", "{8E614DEC-4F49-4749-BF92-9E6A9465FD5E}"
EndProject
Project("{FAE04EC0-301F-11D3-BF4B-00C04F79EFBC}") = "Coldmart.Alunos.Data", "src\Coldmart.Alunos.Data\Coldmart.Alunos.Data.csproj", "{B9BF085E-2259-4C30-9B86-3816424B81A1}"
EndProject
Project("{FAE04EC0-301F-11D3-BF4B-00C04F79EFBC}") = "Coldmart.Cursos.Data", "src\Coldmart.Cursos.Data\Coldmart.Cursos.Data.csproj", "{8D0FAAAA-BB32-4EC0-8DFE-7B2C444C696E}"
EndProject
Project("{FAE04EC0-301F-11D3-BF4B-00C04F79EFBC}") = "Coldmart.Pagamentos.Data", "src\Coldmart.Pagamentos.Data\Coldmart.Pagamentos.Data.csproj", "{A24164FF-B924-4C93-BD7A-144D34019BBE}"
EndProject
Project("{FAE04EC0-301F-11D3-BF4B-00C04F79EFBC}") = "Coldmart.Auth.Data", "src\Coldmart.Auth.Data\Coldmart.Auth.Data.csproj", "{2C53A4DF-CDA5-4239-A5FD-B7857EA7F2ED}"
EndProject
Project("{FAE04EC0-301F-11D3-BF4B-00C04F79EFBC}") = "Coldmart.Alunos.Business", "src\Coldmart.Alunos.Business\Coldmart.Alunos.Business.csproj", "{2D666A34-4AEA-4753-A409-4C767C50BED5}"
EndProject
Project("{FAE04EC0-301F-11D3-BF4B-00C04F79EFBC}") = "Coldmart.Alunos.Business.Tests", "tests\Coldmart.Alunos.Business.Tests\Coldmart.Alunos.Business.Tests.csproj", "{32C76CCD-FEEA-4192-A47B-B7B6FC45613A}"
EndProject
Project("{FAE04EC0-301F-11D3-BF4B-00C04F79EFBC}") = "Coldmart.Cursos.Business", "src\Coldmart.Cursos.Business\Coldmart.Cursos.Business.csproj", "{426216BE-0195-4A98-B7DD-1F2B48EA9295}"
EndProject
Project("{FAE04EC0-301F-11D3-BF4B-00C04F79EFBC}") = "Coldmart.Cursos.Business.Tests", "tests\Coldmart.Cursos.Business.Tests\Coldmart.Cursos.Business.Tests.csproj", "{93B4FA61-E651-4FD0-B682-5180597B95BC}"
EndProject
Project("{FAE04EC0-301F-11D3-BF4B-00C04F79EFBC}") = "Coldmart.Pagamentos.Business", "src\Coldmart.Pagamentos.Business\Coldmart.Pagamentos.Business.csproj", "{11919F3D-8DF7-4665-9E84-539F3EC51235}"
EndProject
Project("{FAE04EC0-301F-11D3-BF4B-00C04F79EFBC}") = "Coldmart.Pagamentos.Business.Tests", "tests\Coldmart.Pagamentos.Business.Tests\Coldmart.Pagamentos.Business.Tests.csproj", "{36279D30-E39F-41D7-A3AD-BCABA3807E57}"
EndProject
Project("{2150E333-8FDC-42A3-9474-1A3956D46DE8}") = "Solution Items", "Solution Items", "{4A7997A6-6F5C-45C3-969D-2744CE1CD472}"
	ProjectSection(SolutionItems) = preProject
		.editorconfig = .editorconfig
		docker-compose.yml = docker-compose.yml
	EndProjectSection
EndProject
Project("{FAE04EC0-301F-11D3-BF4B-00C04F79EFBC}") = "Coldmart.Alunos.API", "src\Coldmart.Alunos.API\Coldmart.Alunos.API.csproj", "{DD0C42A2-7661-4FD1-8F80-6533D0409A09}"
EndProject
Project("{FAE04EC0-301F-11D3-BF4B-00C04F79EFBC}") = "Coldmart.Cursos.API", "src\Coldmart.Cursos.API\Coldmart.Cursos.API.csproj", "{9CFB8CE4-A282-41DE-8001-A5E6E6271CED}"
EndProject
Project("{FAE04EC0-301F-11D3-BF4B-00C04F79EFBC}") = "Coldmart.Pagamentos.API", "src\Coldmart.Pagamentos.API\Coldmart.Pagamentos.API.csproj", "{D033D690-5070-4A10-BAFE-5F627E646BD1}"
EndProject
Project("{FAE04EC0-301F-11D3-BF4B-00C04F79EFBC}") = "Coldmart.Auth.API", "src\Coldmart.Auth.API\Coldmart.Auth.API.csproj", "{0557F7F9-2926-404B-9620-3E8EDD3A2CB4}"
EndProject
Project("{2150E333-8FDC-42A3-9474-1A3956D46DE8}") = "Auth", "Auth", "{05CFAE51-6DBC-40C1-880C-5EC335F113C7}"
EndProject
Project("{FAE04EC0-301F-11D3-BF4B-00C04F79EFBC}") = "Coldmart.Auth.Business", "src\Coldmart.Auth.Business\Coldmart.Auth.Business.csproj", "{BAE4300B-2F89-40E9-B191-B7886620B829}"
EndProject
Project("{FAE04EC0-301F-11D3-BF4B-00C04F79EFBC}") = "Coldmart.Auth.Business.Tests", "tests\Coldmart.Auth.Business.Tests\Coldmart.Auth.Business.Tests.csproj", "{0EC3DF4A-73B1-471C-8C91-6593F60B4BBC}"
EndProject
Project("{FAE04EC0-301F-11D3-BF4B-00C04F79EFBC}") = "Coldmart.Core.Data", "src\Coldmart.Core.Data\Coldmart.Core.Data.csproj", "{2381FCCB-3A9B-4CAC-A7D5-91872C021E4E}"
EndProject
Project("{2150E333-8FDC-42A3-9474-1A3956D46DE8}") = "BFF", "BFF", "{827E0CD3-B72D-47B6-A68D-7590B98EB39B}"
EndProject
Project("{FAE04EC0-301F-11D3-BF4B-00C04F79EFBC}") = "Coldmart.BFF", "src\Coldmart.BFF\Coldmart.BFF.csproj", "{7870C122-B1C1-4693-A70F-18681644AB72}"
EndProject
Global
	GlobalSection(SolutionConfigurationPlatforms) = preSolution
		Debug|Any CPU = Debug|Any CPU
		Debug|x64 = Debug|x64
		Debug|x86 = Debug|x86
		Release|Any CPU = Release|Any CPU
		Release|x64 = Release|x64
		Release|x86 = Release|x86
	EndGlobalSection
	GlobalSection(ProjectConfigurationPlatforms) = postSolution
		{AEF8A624-9ECF-78C1-D333-86591BBE18B8}.Debug|Any CPU.ActiveCfg = Debug|Any CPU
		{AEF8A624-9ECF-78C1-D333-86591BBE18B8}.Debug|Any CPU.Build.0 = Debug|Any CPU
		{AEF8A624-9ECF-78C1-D333-86591BBE18B8}.Debug|x64.ActiveCfg = Debug|Any CPU
		{AEF8A624-9ECF-78C1-D333-86591BBE18B8}.Debug|x64.Build.0 = Debug|Any CPU
		{AEF8A624-9ECF-78C1-D333-86591BBE18B8}.Debug|x86.ActiveCfg = Debug|Any CPU
		{AEF8A624-9ECF-78C1-D333-86591BBE18B8}.Debug|x86.Build.0 = Debug|Any CPU
		{AEF8A624-9ECF-78C1-D333-86591BBE18B8}.Release|Any CPU.ActiveCfg = Release|Any CPU
		{AEF8A624-9ECF-78C1-D333-86591BBE18B8}.Release|Any CPU.Build.0 = Release|Any CPU
		{AEF8A624-9ECF-78C1-D333-86591BBE18B8}.Release|x64.ActiveCfg = Release|Any CPU
		{AEF8A624-9ECF-78C1-D333-86591BBE18B8}.Release|x64.Build.0 = Release|Any CPU
		{AEF8A624-9ECF-78C1-D333-86591BBE18B8}.Release|x86.ActiveCfg = Release|Any CPU
		{AEF8A624-9ECF-78C1-D333-86591BBE18B8}.Release|x86.Build.0 = Release|Any CPU
		{9E78DEFD-5F19-30EC-6DA8-FCF2CED4FF9F}.Debug|Any CPU.ActiveCfg = Debug|Any CPU
		{9E78DEFD-5F19-30EC-6DA8-FCF2CED4FF9F}.Debug|Any CPU.Build.0 = Debug|Any CPU
		{9E78DEFD-5F19-30EC-6DA8-FCF2CED4FF9F}.Debug|x64.ActiveCfg = Debug|Any CPU
		{9E78DEFD-5F19-30EC-6DA8-FCF2CED4FF9F}.Debug|x64.Build.0 = Debug|Any CPU
		{9E78DEFD-5F19-30EC-6DA8-FCF2CED4FF9F}.Debug|x86.ActiveCfg = Debug|Any CPU
		{9E78DEFD-5F19-30EC-6DA8-FCF2CED4FF9F}.Debug|x86.Build.0 = Debug|Any CPU
		{9E78DEFD-5F19-30EC-6DA8-FCF2CED4FF9F}.Release|Any CPU.ActiveCfg = Release|Any CPU
		{9E78DEFD-5F19-30EC-6DA8-FCF2CED4FF9F}.Release|Any CPU.Build.0 = Release|Any CPU
		{9E78DEFD-5F19-30EC-6DA8-FCF2CED4FF9F}.Release|x64.ActiveCfg = Release|Any CPU
		{9E78DEFD-5F19-30EC-6DA8-FCF2CED4FF9F}.Release|x64.Build.0 = Release|Any CPU
		{9E78DEFD-5F19-30EC-6DA8-FCF2CED4FF9F}.Release|x86.ActiveCfg = Release|Any CPU
		{9E78DEFD-5F19-30EC-6DA8-FCF2CED4FF9F}.Release|x86.Build.0 = Release|Any CPU
		{13ACC593-9452-E9E3-874A-488AC595F97C}.Debug|Any CPU.ActiveCfg = Debug|Any CPU
		{13ACC593-9452-E9E3-874A-488AC595F97C}.Debug|Any CPU.Build.0 = Debug|Any CPU
		{13ACC593-9452-E9E3-874A-488AC595F97C}.Debug|x64.ActiveCfg = Debug|Any CPU
		{13ACC593-9452-E9E3-874A-488AC595F97C}.Debug|x64.Build.0 = Debug|Any CPU
		{13ACC593-9452-E9E3-874A-488AC595F97C}.Debug|x86.ActiveCfg = Debug|Any CPU
		{13ACC593-9452-E9E3-874A-488AC595F97C}.Debug|x86.Build.0 = Debug|Any CPU
		{13ACC593-9452-E9E3-874A-488AC595F97C}.Release|Any CPU.ActiveCfg = Release|Any CPU
		{13ACC593-9452-E9E3-874A-488AC595F97C}.Release|Any CPU.Build.0 = Release|Any CPU
		{13ACC593-9452-E9E3-874A-488AC595F97C}.Release|x64.ActiveCfg = Release|Any CPU
		{13ACC593-9452-E9E3-874A-488AC595F97C}.Release|x64.Build.0 = Release|Any CPU
		{13ACC593-9452-E9E3-874A-488AC595F97C}.Release|x86.ActiveCfg = Release|Any CPU
		{13ACC593-9452-E9E3-874A-488AC595F97C}.Release|x86.Build.0 = Release|Any CPU
		{F6EF255F-1A37-4C5E-B7F6-E82ABF000D65}.Debug|Any CPU.ActiveCfg = Debug|Any CPU
		{F6EF255F-1A37-4C5E-B7F6-E82ABF000D65}.Debug|Any CPU.Build.0 = Debug|Any CPU
		{F6EF255F-1A37-4C5E-B7F6-E82ABF000D65}.Debug|x64.ActiveCfg = Debug|Any CPU
		{F6EF255F-1A37-4C5E-B7F6-E82ABF000D65}.Debug|x64.Build.0 = Debug|Any CPU
		{F6EF255F-1A37-4C5E-B7F6-E82ABF000D65}.Debug|x86.ActiveCfg = Debug|Any CPU
		{F6EF255F-1A37-4C5E-B7F6-E82ABF000D65}.Debug|x86.Build.0 = Debug|Any CPU
		{F6EF255F-1A37-4C5E-B7F6-E82ABF000D65}.Release|Any CPU.ActiveCfg = Release|Any CPU
		{F6EF255F-1A37-4C5E-B7F6-E82ABF000D65}.Release|Any CPU.Build.0 = Release|Any CPU
		{F6EF255F-1A37-4C5E-B7F6-E82ABF000D65}.Release|x64.ActiveCfg = Release|Any CPU
		{F6EF255F-1A37-4C5E-B7F6-E82ABF000D65}.Release|x64.Build.0 = Release|Any CPU
		{F6EF255F-1A37-4C5E-B7F6-E82ABF000D65}.Release|x86.ActiveCfg = Release|Any CPU
		{F6EF255F-1A37-4C5E-B7F6-E82ABF000D65}.Release|x86.Build.0 = Release|Any CPU
		{E47DB90D-937E-4DA5-9425-CD82BDB36B46}.Debug|Any CPU.ActiveCfg = Debug|Any CPU
		{E47DB90D-937E-4DA5-9425-CD82BDB36B46}.Debug|Any CPU.Build.0 = Debug|Any CPU
		{E47DB90D-937E-4DA5-9425-CD82BDB36B46}.Debug|x64.ActiveCfg = Debug|Any CPU
		{E47DB90D-937E-4DA5-9425-CD82BDB36B46}.Debug|x64.Build.0 = Debug|Any CPU
		{E47DB90D-937E-4DA5-9425-CD82BDB36B46}.Debug|x86.ActiveCfg = Debug|Any CPU
		{E47DB90D-937E-4DA5-9425-CD82BDB36B46}.Debug|x86.Build.0 = Debug|Any CPU
		{E47DB90D-937E-4DA5-9425-CD82BDB36B46}.Release|Any CPU.ActiveCfg = Release|Any CPU
		{E47DB90D-937E-4DA5-9425-CD82BDB36B46}.Release|Any CPU.Build.0 = Release|Any CPU
		{E47DB90D-937E-4DA5-9425-CD82BDB36B46}.Release|x64.ActiveCfg = Release|Any CPU
		{E47DB90D-937E-4DA5-9425-CD82BDB36B46}.Release|x64.Build.0 = Release|Any CPU
		{E47DB90D-937E-4DA5-9425-CD82BDB36B46}.Release|x86.ActiveCfg = Release|Any CPU
		{E47DB90D-937E-4DA5-9425-CD82BDB36B46}.Release|x86.Build.0 = Release|Any CPU
		{2EFC67A1-17CA-4811-9B7D-3AEB5F237905}.Debug|Any CPU.ActiveCfg = Debug|Any CPU
		{2EFC67A1-17CA-4811-9B7D-3AEB5F237905}.Debug|Any CPU.Build.0 = Debug|Any CPU
		{2EFC67A1-17CA-4811-9B7D-3AEB5F237905}.Debug|x64.ActiveCfg = Debug|Any CPU
		{2EFC67A1-17CA-4811-9B7D-3AEB5F237905}.Debug|x64.Build.0 = Debug|Any CPU
		{2EFC67A1-17CA-4811-9B7D-3AEB5F237905}.Debug|x86.ActiveCfg = Debug|Any CPU
		{2EFC67A1-17CA-4811-9B7D-3AEB5F237905}.Debug|x86.Build.0 = Debug|Any CPU
		{2EFC67A1-17CA-4811-9B7D-3AEB5F237905}.Release|Any CPU.ActiveCfg = Release|Any CPU
		{2EFC67A1-17CA-4811-9B7D-3AEB5F237905}.Release|Any CPU.Build.0 = Release|Any CPU
		{2EFC67A1-17CA-4811-9B7D-3AEB5F237905}.Release|x64.ActiveCfg = Release|Any CPU
		{2EFC67A1-17CA-4811-9B7D-3AEB5F237905}.Release|x64.Build.0 = Release|Any CPU
		{2EFC67A1-17CA-4811-9B7D-3AEB5F237905}.Release|x86.ActiveCfg = Release|Any CPU
		{2EFC67A1-17CA-4811-9B7D-3AEB5F237905}.Release|x86.Build.0 = Release|Any CPU
		{53CA63AD-7AB5-4AE8-AA0E-1F60C509B5D4}.Debug|Any CPU.ActiveCfg = Debug|Any CPU
		{53CA63AD-7AB5-4AE8-AA0E-1F60C509B5D4}.Debug|Any CPU.Build.0 = Debug|Any CPU
		{53CA63AD-7AB5-4AE8-AA0E-1F60C509B5D4}.Debug|x64.ActiveCfg = Debug|Any CPU
		{53CA63AD-7AB5-4AE8-AA0E-1F60C509B5D4}.Debug|x64.Build.0 = Debug|Any CPU
		{53CA63AD-7AB5-4AE8-AA0E-1F60C509B5D4}.Debug|x86.ActiveCfg = Debug|Any CPU
		{53CA63AD-7AB5-4AE8-AA0E-1F60C509B5D4}.Debug|x86.Build.0 = Debug|Any CPU
		{53CA63AD-7AB5-4AE8-AA0E-1F60C509B5D4}.Release|Any CPU.ActiveCfg = Release|Any CPU
		{53CA63AD-7AB5-4AE8-AA0E-1F60C509B5D4}.Release|Any CPU.Build.0 = Release|Any CPU
		{53CA63AD-7AB5-4AE8-AA0E-1F60C509B5D4}.Release|x64.ActiveCfg = Release|Any CPU
		{53CA63AD-7AB5-4AE8-AA0E-1F60C509B5D4}.Release|x64.Build.0 = Release|Any CPU
		{53CA63AD-7AB5-4AE8-AA0E-1F60C509B5D4}.Release|x86.ActiveCfg = Release|Any CPU
		{53CA63AD-7AB5-4AE8-AA0E-1F60C509B5D4}.Release|x86.Build.0 = Release|Any CPU
		{8E614DEC-4F49-4749-BF92-9E6A9465FD5E}.Debug|Any CPU.ActiveCfg = Debug|Any CPU
		{8E614DEC-4F49-4749-BF92-9E6A9465FD5E}.Debug|Any CPU.Build.0 = Debug|Any CPU
		{8E614DEC-4F49-4749-BF92-9E6A9465FD5E}.Debug|x64.ActiveCfg = Debug|Any CPU
		{8E614DEC-4F49-4749-BF92-9E6A9465FD5E}.Debug|x64.Build.0 = Debug|Any CPU
		{8E614DEC-4F49-4749-BF92-9E6A9465FD5E}.Debug|x86.ActiveCfg = Debug|Any CPU
		{8E614DEC-4F49-4749-BF92-9E6A9465FD5E}.Debug|x86.Build.0 = Debug|Any CPU
		{8E614DEC-4F49-4749-BF92-9E6A9465FD5E}.Release|Any CPU.ActiveCfg = Release|Any CPU
		{8E614DEC-4F49-4749-BF92-9E6A9465FD5E}.Release|Any CPU.Build.0 = Release|Any CPU
		{8E614DEC-4F49-4749-BF92-9E6A9465FD5E}.Release|x64.ActiveCfg = Release|Any CPU
		{8E614DEC-4F49-4749-BF92-9E6A9465FD5E}.Release|x64.Build.0 = Release|Any CPU
		{8E614DEC-4F49-4749-BF92-9E6A9465FD5E}.Release|x86.ActiveCfg = Release|Any CPU
		{8E614DEC-4F49-4749-BF92-9E6A9465FD5E}.Release|x86.Build.0 = Release|Any CPU
		{B9BF085E-2259-4C30-9B86-3816424B81A1}.Debug|Any CPU.ActiveCfg = Debug|Any CPU
		{B9BF085E-2259-4C30-9B86-3816424B81A1}.Debug|Any CPU.Build.0 = Debug|Any CPU
		{B9BF085E-2259-4C30-9B86-3816424B81A1}.Debug|x64.ActiveCfg = Debug|Any CPU
		{B9BF085E-2259-4C30-9B86-3816424B81A1}.Debug|x64.Build.0 = Debug|Any CPU
		{B9BF085E-2259-4C30-9B86-3816424B81A1}.Debug|x86.ActiveCfg = Debug|Any CPU
		{B9BF085E-2259-4C30-9B86-3816424B81A1}.Debug|x86.Build.0 = Debug|Any CPU
		{B9BF085E-2259-4C30-9B86-3816424B81A1}.Release|Any CPU.ActiveCfg = Release|Any CPU
		{B9BF085E-2259-4C30-9B86-3816424B81A1}.Release|Any CPU.Build.0 = Release|Any CPU
		{B9BF085E-2259-4C30-9B86-3816424B81A1}.Release|x64.ActiveCfg = Release|Any CPU
		{B9BF085E-2259-4C30-9B86-3816424B81A1}.Release|x64.Build.0 = Release|Any CPU
		{B9BF085E-2259-4C30-9B86-3816424B81A1}.Release|x86.ActiveCfg = Release|Any CPU
		{B9BF085E-2259-4C30-9B86-3816424B81A1}.Release|x86.Build.0 = Release|Any CPU
		{8D0FAAAA-BB32-4EC0-8DFE-7B2C444C696E}.Debug|Any CPU.ActiveCfg = Debug|Any CPU
		{8D0FAAAA-BB32-4EC0-8DFE-7B2C444C696E}.Debug|Any CPU.Build.0 = Debug|Any CPU
		{8D0FAAAA-BB32-4EC0-8DFE-7B2C444C696E}.Debug|x64.ActiveCfg = Debug|Any CPU
		{8D0FAAAA-BB32-4EC0-8DFE-7B2C444C696E}.Debug|x64.Build.0 = Debug|Any CPU
		{8D0FAAAA-BB32-4EC0-8DFE-7B2C444C696E}.Debug|x86.ActiveCfg = Debug|Any CPU
		{8D0FAAAA-BB32-4EC0-8DFE-7B2C444C696E}.Debug|x86.Build.0 = Debug|Any CPU
		{8D0FAAAA-BB32-4EC0-8DFE-7B2C444C696E}.Release|Any CPU.ActiveCfg = Release|Any CPU
		{8D0FAAAA-BB32-4EC0-8DFE-7B2C444C696E}.Release|Any CPU.Build.0 = Release|Any CPU
		{8D0FAAAA-BB32-4EC0-8DFE-7B2C444C696E}.Release|x64.ActiveCfg = Release|Any CPU
		{8D0FAAAA-BB32-4EC0-8DFE-7B2C444C696E}.Release|x64.Build.0 = Release|Any CPU
		{8D0FAAAA-BB32-4EC0-8DFE-7B2C444C696E}.Release|x86.ActiveCfg = Release|Any CPU
		{8D0FAAAA-BB32-4EC0-8DFE-7B2C444C696E}.Release|x86.Build.0 = Release|Any CPU
		{A24164FF-B924-4C93-BD7A-144D34019BBE}.Debug|Any CPU.ActiveCfg = Debug|Any CPU
		{A24164FF-B924-4C93-BD7A-144D34019BBE}.Debug|Any CPU.Build.0 = Debug|Any CPU
		{A24164FF-B924-4C93-BD7A-144D34019BBE}.Debug|x64.ActiveCfg = Debug|Any CPU
		{A24164FF-B924-4C93-BD7A-144D34019BBE}.Debug|x64.Build.0 = Debug|Any CPU
		{A24164FF-B924-4C93-BD7A-144D34019BBE}.Debug|x86.ActiveCfg = Debug|Any CPU
		{A24164FF-B924-4C93-BD7A-144D34019BBE}.Debug|x86.Build.0 = Debug|Any CPU
		{A24164FF-B924-4C93-BD7A-144D34019BBE}.Release|Any CPU.ActiveCfg = Release|Any CPU
		{A24164FF-B924-4C93-BD7A-144D34019BBE}.Release|Any CPU.Build.0 = Release|Any CPU
		{A24164FF-B924-4C93-BD7A-144D34019BBE}.Release|x64.ActiveCfg = Release|Any CPU
		{A24164FF-B924-4C93-BD7A-144D34019BBE}.Release|x64.Build.0 = Release|Any CPU
		{A24164FF-B924-4C93-BD7A-144D34019BBE}.Release|x86.ActiveCfg = Release|Any CPU
		{A24164FF-B924-4C93-BD7A-144D34019BBE}.Release|x86.Build.0 = Release|Any CPU
		{2C53A4DF-CDA5-4239-A5FD-B7857EA7F2ED}.Debug|Any CPU.ActiveCfg = Debug|Any CPU
		{2C53A4DF-CDA5-4239-A5FD-B7857EA7F2ED}.Debug|Any CPU.Build.0 = Debug|Any CPU
		{2C53A4DF-CDA5-4239-A5FD-B7857EA7F2ED}.Debug|x64.ActiveCfg = Debug|Any CPU
		{2C53A4DF-CDA5-4239-A5FD-B7857EA7F2ED}.Debug|x64.Build.0 = Debug|Any CPU
		{2C53A4DF-CDA5-4239-A5FD-B7857EA7F2ED}.Debug|x86.ActiveCfg = Debug|Any CPU
		{2C53A4DF-CDA5-4239-A5FD-B7857EA7F2ED}.Debug|x86.Build.0 = Debug|Any CPU
		{2C53A4DF-CDA5-4239-A5FD-B7857EA7F2ED}.Release|Any CPU.ActiveCfg = Release|Any CPU
		{2C53A4DF-CDA5-4239-A5FD-B7857EA7F2ED}.Release|Any CPU.Build.0 = Release|Any CPU
		{2C53A4DF-CDA5-4239-A5FD-B7857EA7F2ED}.Release|x64.ActiveCfg = Release|Any CPU
		{2C53A4DF-CDA5-4239-A5FD-B7857EA7F2ED}.Release|x64.Build.0 = Release|Any CPU
		{2C53A4DF-CDA5-4239-A5FD-B7857EA7F2ED}.Release|x86.ActiveCfg = Release|Any CPU
		{2C53A4DF-CDA5-4239-A5FD-B7857EA7F2ED}.Release|x86.Build.0 = Release|Any CPU
		{2D666A34-4AEA-4753-A409-4C767C50BED5}.Debug|Any CPU.ActiveCfg = Debug|Any CPU
		{2D666A34-4AEA-4753-A409-4C767C50BED5}.Debug|Any CPU.Build.0 = Debug|Any CPU
		{2D666A34-4AEA-4753-A409-4C767C50BED5}.Debug|x64.ActiveCfg = Debug|Any CPU
		{2D666A34-4AEA-4753-A409-4C767C50BED5}.Debug|x64.Build.0 = Debug|Any CPU
		{2D666A34-4AEA-4753-A409-4C767C50BED5}.Debug|x86.ActiveCfg = Debug|Any CPU
		{2D666A34-4AEA-4753-A409-4C767C50BED5}.Debug|x86.Build.0 = Debug|Any CPU
		{2D666A34-4AEA-4753-A409-4C767C50BED5}.Release|Any CPU.ActiveCfg = Release|Any CPU
		{2D666A34-4AEA-4753-A409-4C767C50BED5}.Release|Any CPU.Build.0 = Release|Any CPU
		{2D666A34-4AEA-4753-A409-4C767C50BED5}.Release|x64.ActiveCfg = Release|Any CPU
		{2D666A34-4AEA-4753-A409-4C767C50BED5}.Release|x64.Build.0 = Release|Any CPU
		{2D666A34-4AEA-4753-A409-4C767C50BED5}.Release|x86.ActiveCfg = Release|Any CPU
		{2D666A34-4AEA-4753-A409-4C767C50BED5}.Release|x86.Build.0 = Release|Any CPU
		{32C76CCD-FEEA-4192-A47B-B7B6FC45613A}.Debug|Any CPU.ActiveCfg = Debug|Any CPU
		{32C76CCD-FEEA-4192-A47B-B7B6FC45613A}.Debug|Any CPU.Build.0 = Debug|Any CPU
		{32C76CCD-FEEA-4192-A47B-B7B6FC45613A}.Debug|x64.ActiveCfg = Debug|Any CPU
		{32C76CCD-FEEA-4192-A47B-B7B6FC45613A}.Debug|x64.Build.0 = Debug|Any CPU
		{32C76CCD-FEEA-4192-A47B-B7B6FC45613A}.Debug|x86.ActiveCfg = Debug|Any CPU
		{32C76CCD-FEEA-4192-A47B-B7B6FC45613A}.Debug|x86.Build.0 = Debug|Any CPU
		{32C76CCD-FEEA-4192-A47B-B7B6FC45613A}.Release|Any CPU.ActiveCfg = Release|Any CPU
		{32C76CCD-FEEA-4192-A47B-B7B6FC45613A}.Release|Any CPU.Build.0 = Release|Any CPU
		{32C76CCD-FEEA-4192-A47B-B7B6FC45613A}.Release|x64.ActiveCfg = Release|Any CPU
		{32C76CCD-FEEA-4192-A47B-B7B6FC45613A}.Release|x64.Build.0 = Release|Any CPU
		{32C76CCD-FEEA-4192-A47B-B7B6FC45613A}.Release|x86.ActiveCfg = Release|Any CPU
		{32C76CCD-FEEA-4192-A47B-B7B6FC45613A}.Release|x86.Build.0 = Release|Any CPU
		{426216BE-0195-4A98-B7DD-1F2B48EA9295}.Debug|Any CPU.ActiveCfg = Debug|Any CPU
		{426216BE-0195-4A98-B7DD-1F2B48EA9295}.Debug|Any CPU.Build.0 = Debug|Any CPU
		{426216BE-0195-4A98-B7DD-1F2B48EA9295}.Debug|x64.ActiveCfg = Debug|Any CPU
		{426216BE-0195-4A98-B7DD-1F2B48EA9295}.Debug|x64.Build.0 = Debug|Any CPU
		{426216BE-0195-4A98-B7DD-1F2B48EA9295}.Debug|x86.ActiveCfg = Debug|Any CPU
		{426216BE-0195-4A98-B7DD-1F2B48EA9295}.Debug|x86.Build.0 = Debug|Any CPU
		{426216BE-0195-4A98-B7DD-1F2B48EA9295}.Release|Any CPU.ActiveCfg = Release|Any CPU
		{426216BE-0195-4A98-B7DD-1F2B48EA9295}.Release|Any CPU.Build.0 = Release|Any CPU
		{426216BE-0195-4A98-B7DD-1F2B48EA9295}.Release|x64.ActiveCfg = Release|Any CPU
		{426216BE-0195-4A98-B7DD-1F2B48EA9295}.Release|x64.Build.0 = Release|Any CPU
		{426216BE-0195-4A98-B7DD-1F2B48EA9295}.Release|x86.ActiveCfg = Release|Any CPU
		{426216BE-0195-4A98-B7DD-1F2B48EA9295}.Release|x86.Build.0 = Release|Any CPU
		{93B4FA61-E651-4FD0-B682-5180597B95BC}.Debug|Any CPU.ActiveCfg = Debug|Any CPU
		{93B4FA61-E651-4FD0-B682-5180597B95BC}.Debug|Any CPU.Build.0 = Debug|Any CPU
		{93B4FA61-E651-4FD0-B682-5180597B95BC}.Debug|x64.ActiveCfg = Debug|Any CPU
		{93B4FA61-E651-4FD0-B682-5180597B95BC}.Debug|x64.Build.0 = Debug|Any CPU
		{93B4FA61-E651-4FD0-B682-5180597B95BC}.Debug|x86.ActiveCfg = Debug|Any CPU
		{93B4FA61-E651-4FD0-B682-5180597B95BC}.Debug|x86.Build.0 = Debug|Any CPU
		{93B4FA61-E651-4FD0-B682-5180597B95BC}.Release|Any CPU.ActiveCfg = Release|Any CPU
		{93B4FA61-E651-4FD0-B682-5180597B95BC}.Release|Any CPU.Build.0 = Release|Any CPU
		{93B4FA61-E651-4FD0-B682-5180597B95BC}.Release|x64.ActiveCfg = Release|Any CPU
		{93B4FA61-E651-4FD0-B682-5180597B95BC}.Release|x64.Build.0 = Release|Any CPU
		{93B4FA61-E651-4FD0-B682-5180597B95BC}.Release|x86.ActiveCfg = Release|Any CPU
		{93B4FA61-E651-4FD0-B682-5180597B95BC}.Release|x86.Build.0 = Release|Any CPU
		{11919F3D-8DF7-4665-9E84-539F3EC51235}.Debug|Any CPU.ActiveCfg = Debug|Any CPU
		{11919F3D-8DF7-4665-9E84-539F3EC51235}.Debug|Any CPU.Build.0 = Debug|Any CPU
		{11919F3D-8DF7-4665-9E84-539F3EC51235}.Debug|x64.ActiveCfg = Debug|Any CPU
		{11919F3D-8DF7-4665-9E84-539F3EC51235}.Debug|x64.Build.0 = Debug|Any CPU
		{11919F3D-8DF7-4665-9E84-539F3EC51235}.Debug|x86.ActiveCfg = Debug|Any CPU
		{11919F3D-8DF7-4665-9E84-539F3EC51235}.Debug|x86.Build.0 = Debug|Any CPU
		{11919F3D-8DF7-4665-9E84-539F3EC51235}.Release|Any CPU.ActiveCfg = Release|Any CPU
		{11919F3D-8DF7-4665-9E84-539F3EC51235}.Release|Any CPU.Build.0 = Release|Any CPU
		{11919F3D-8DF7-4665-9E84-539F3EC51235}.Release|x64.ActiveCfg = Release|Any CPU
		{11919F3D-8DF7-4665-9E84-539F3EC51235}.Release|x64.Build.0 = Release|Any CPU
		{11919F3D-8DF7-4665-9E84-539F3EC51235}.Release|x86.ActiveCfg = Release|Any CPU
		{11919F3D-8DF7-4665-9E84-539F3EC51235}.Release|x86.Build.0 = Release|Any CPU
		{36279D30-E39F-41D7-A3AD-BCABA3807E57}.Debug|Any CPU.ActiveCfg = Debug|Any CPU
		{36279D30-E39F-41D7-A3AD-BCABA3807E57}.Debug|Any CPU.Build.0 = Debug|Any CPU
		{36279D30-E39F-41D7-A3AD-BCABA3807E57}.Debug|x64.ActiveCfg = Debug|Any CPU
		{36279D30-E39F-41D7-A3AD-BCABA3807E57}.Debug|x64.Build.0 = Debug|Any CPU
		{36279D30-E39F-41D7-A3AD-BCABA3807E57}.Debug|x86.ActiveCfg = Debug|Any CPU
		{36279D30-E39F-41D7-A3AD-BCABA3807E57}.Debug|x86.Build.0 = Debug|Any CPU
		{36279D30-E39F-41D7-A3AD-BCABA3807E57}.Release|Any CPU.ActiveCfg = Release|Any CPU
		{36279D30-E39F-41D7-A3AD-BCABA3807E57}.Release|Any CPU.Build.0 = Release|Any CPU
		{36279D30-E39F-41D7-A3AD-BCABA3807E57}.Release|x64.ActiveCfg = Release|Any CPU
		{36279D30-E39F-41D7-A3AD-BCABA3807E57}.Release|x64.Build.0 = Release|Any CPU
		{36279D30-E39F-41D7-A3AD-BCABA3807E57}.Release|x86.ActiveCfg = Release|Any CPU
		{36279D30-E39F-41D7-A3AD-BCABA3807E57}.Release|x86.Build.0 = Release|Any CPU
		{DD0C42A2-7661-4FD1-8F80-6533D0409A09}.Debug|Any CPU.ActiveCfg = Debug|Any CPU
		{DD0C42A2-7661-4FD1-8F80-6533D0409A09}.Debug|Any CPU.Build.0 = Debug|Any CPU
		{DD0C42A2-7661-4FD1-8F80-6533D0409A09}.Debug|x64.ActiveCfg = Debug|Any CPU
		{DD0C42A2-7661-4FD1-8F80-6533D0409A09}.Debug|x64.Build.0 = Debug|Any CPU
		{DD0C42A2-7661-4FD1-8F80-6533D0409A09}.Debug|x86.ActiveCfg = Debug|Any CPU
		{DD0C42A2-7661-4FD1-8F80-6533D0409A09}.Debug|x86.Build.0 = Debug|Any CPU
		{DD0C42A2-7661-4FD1-8F80-6533D0409A09}.Release|Any CPU.ActiveCfg = Release|Any CPU
		{DD0C42A2-7661-4FD1-8F80-6533D0409A09}.Release|Any CPU.Build.0 = Release|Any CPU
		{DD0C42A2-7661-4FD1-8F80-6533D0409A09}.Release|x64.ActiveCfg = Release|Any CPU
		{DD0C42A2-7661-4FD1-8F80-6533D0409A09}.Release|x64.Build.0 = Release|Any CPU
		{DD0C42A2-7661-4FD1-8F80-6533D0409A09}.Release|x86.ActiveCfg = Release|Any CPU
		{DD0C42A2-7661-4FD1-8F80-6533D0409A09}.Release|x86.Build.0 = Release|Any CPU
		{9CFB8CE4-A282-41DE-8001-A5E6E6271CED}.Debug|Any CPU.ActiveCfg = Debug|Any CPU
		{9CFB8CE4-A282-41DE-8001-A5E6E6271CED}.Debug|Any CPU.Build.0 = Debug|Any CPU
		{9CFB8CE4-A282-41DE-8001-A5E6E6271CED}.Debug|x64.ActiveCfg = Debug|Any CPU
		{9CFB8CE4-A282-41DE-8001-A5E6E6271CED}.Debug|x64.Build.0 = Debug|Any CPU
		{9CFB8CE4-A282-41DE-8001-A5E6E6271CED}.Debug|x86.ActiveCfg = Debug|Any CPU
		{9CFB8CE4-A282-41DE-8001-A5E6E6271CED}.Debug|x86.Build.0 = Debug|Any CPU
		{9CFB8CE4-A282-41DE-8001-A5E6E6271CED}.Release|Any CPU.ActiveCfg = Release|Any CPU
		{9CFB8CE4-A282-41DE-8001-A5E6E6271CED}.Release|Any CPU.Build.0 = Release|Any CPU
		{9CFB8CE4-A282-41DE-8001-A5E6E6271CED}.Release|x64.ActiveCfg = Release|Any CPU
		{9CFB8CE4-A282-41DE-8001-A5E6E6271CED}.Release|x64.Build.0 = Release|Any CPU
		{9CFB8CE4-A282-41DE-8001-A5E6E6271CED}.Release|x86.ActiveCfg = Release|Any CPU
		{9CFB8CE4-A282-41DE-8001-A5E6E6271CED}.Release|x86.Build.0 = Release|Any CPU
		{D033D690-5070-4A10-BAFE-5F627E646BD1}.Debug|Any CPU.ActiveCfg = Debug|Any CPU
		{D033D690-5070-4A10-BAFE-5F627E646BD1}.Debug|Any CPU.Build.0 = Debug|Any CPU
		{D033D690-5070-4A10-BAFE-5F627E646BD1}.Debug|x64.ActiveCfg = Debug|Any CPU
		{D033D690-5070-4A10-BAFE-5F627E646BD1}.Debug|x64.Build.0 = Debug|Any CPU
		{D033D690-5070-4A10-BAFE-5F627E646BD1}.Debug|x86.ActiveCfg = Debug|Any CPU
		{D033D690-5070-4A10-BAFE-5F627E646BD1}.Debug|x86.Build.0 = Debug|Any CPU
		{D033D690-5070-4A10-BAFE-5F627E646BD1}.Release|Any CPU.ActiveCfg = Release|Any CPU
		{D033D690-5070-4A10-BAFE-5F627E646BD1}.Release|Any CPU.Build.0 = Release|Any CPU
		{D033D690-5070-4A10-BAFE-5F627E646BD1}.Release|x64.ActiveCfg = Release|Any CPU
		{D033D690-5070-4A10-BAFE-5F627E646BD1}.Release|x64.Build.0 = Release|Any CPU
		{D033D690-5070-4A10-BAFE-5F627E646BD1}.Release|x86.ActiveCfg = Release|Any CPU
		{D033D690-5070-4A10-BAFE-5F627E646BD1}.Release|x86.Build.0 = Release|Any CPU
		{0557F7F9-2926-404B-9620-3E8EDD3A2CB4}.Debug|Any CPU.ActiveCfg = Debug|Any CPU
		{0557F7F9-2926-404B-9620-3E8EDD3A2CB4}.Debug|Any CPU.Build.0 = Debug|Any CPU
		{0557F7F9-2926-404B-9620-3E8EDD3A2CB4}.Debug|x64.ActiveCfg = Debug|Any CPU
		{0557F7F9-2926-404B-9620-3E8EDD3A2CB4}.Debug|x64.Build.0 = Debug|Any CPU
		{0557F7F9-2926-404B-9620-3E8EDD3A2CB4}.Debug|x86.ActiveCfg = Debug|Any CPU
		{0557F7F9-2926-404B-9620-3E8EDD3A2CB4}.Debug|x86.Build.0 = Debug|Any CPU
		{0557F7F9-2926-404B-9620-3E8EDD3A2CB4}.Release|Any CPU.ActiveCfg = Release|Any CPU
		{0557F7F9-2926-404B-9620-3E8EDD3A2CB4}.Release|Any CPU.Build.0 = Release|Any CPU
		{0557F7F9-2926-404B-9620-3E8EDD3A2CB4}.Release|x64.ActiveCfg = Release|Any CPU
		{0557F7F9-2926-404B-9620-3E8EDD3A2CB4}.Release|x64.Build.0 = Release|Any CPU
		{0557F7F9-2926-404B-9620-3E8EDD3A2CB4}.Release|x86.ActiveCfg = Release|Any CPU
		{0557F7F9-2926-404B-9620-3E8EDD3A2CB4}.Release|x86.Build.0 = Release|Any CPU
		{BAE4300B-2F89-40E9-B191-B7886620B829}.Debug|Any CPU.ActiveCfg = Debug|Any CPU
		{BAE4300B-2F89-40E9-B191-B7886620B829}.Debug|Any CPU.Build.0 = Debug|Any CPU
		{BAE4300B-2F89-40E9-B191-B7886620B829}.Debug|x64.ActiveCfg = Debug|Any CPU
		{BAE4300B-2F89-40E9-B191-B7886620B829}.Debug|x64.Build.0 = Debug|Any CPU
		{BAE4300B-2F89-40E9-B191-B7886620B829}.Debug|x86.ActiveCfg = Debug|Any CPU
		{BAE4300B-2F89-40E9-B191-B7886620B829}.Debug|x86.Build.0 = Debug|Any CPU
		{BAE4300B-2F89-40E9-B191-B7886620B829}.Release|Any CPU.ActiveCfg = Release|Any CPU
		{BAE4300B-2F89-40E9-B191-B7886620B829}.Release|Any CPU.Build.0 = Release|Any CPU
		{BAE4300B-2F89-40E9-B191-B7886620B829}.Release|x64.ActiveCfg = Release|Any CPU
		{BAE4300B-2F89-40E9-B191-B7886620B829}.Release|x64.Build.0 = Release|Any CPU
		{BAE4300B-2F89-40E9-B191-B7886620B829}.Release|x86.ActiveCfg = Release|Any CPU
		{BAE4300B-2F89-40E9-B191-B7886620B829}.Release|x86.Build.0 = Release|Any CPU
		{0EC3DF4A-73B1-471C-8C91-6593F60B4BBC}.Debug|Any CPU.ActiveCfg = Debug|Any CPU
		{0EC3DF4A-73B1-471C-8C91-6593F60B4BBC}.Debug|Any CPU.Build.0 = Debug|Any CPU
		{0EC3DF4A-73B1-471C-8C91-6593F60B4BBC}.Debug|x64.ActiveCfg = Debug|Any CPU
		{0EC3DF4A-73B1-471C-8C91-6593F60B4BBC}.Debug|x64.Build.0 = Debug|Any CPU
		{0EC3DF4A-73B1-471C-8C91-6593F60B4BBC}.Debug|x86.ActiveCfg = Debug|Any CPU
		{0EC3DF4A-73B1-471C-8C91-6593F60B4BBC}.Debug|x86.Build.0 = Debug|Any CPU
		{0EC3DF4A-73B1-471C-8C91-6593F60B4BBC}.Release|Any CPU.ActiveCfg = Release|Any CPU
		{0EC3DF4A-73B1-471C-8C91-6593F60B4BBC}.Release|Any CPU.Build.0 = Release|Any CPU
		{0EC3DF4A-73B1-471C-8C91-6593F60B4BBC}.Release|x64.ActiveCfg = Release|Any CPU
		{0EC3DF4A-73B1-471C-8C91-6593F60B4BBC}.Release|x64.Build.0 = Release|Any CPU
		{0EC3DF4A-73B1-471C-8C91-6593F60B4BBC}.Release|x86.ActiveCfg = Release|Any CPU
		{0EC3DF4A-73B1-471C-8C91-6593F60B4BBC}.Release|x86.Build.0 = Release|Any CPU
		{2381FCCB-3A9B-4CAC-A7D5-91872C021E4E}.Debug|Any CPU.ActiveCfg = Debug|Any CPU
		{2381FCCB-3A9B-4CAC-A7D5-91872C021E4E}.Debug|Any CPU.Build.0 = Debug|Any CPU
		{2381FCCB-3A9B-4CAC-A7D5-91872C021E4E}.Debug|x64.ActiveCfg = Debug|Any CPU
		{2381FCCB-3A9B-4CAC-A7D5-91872C021E4E}.Debug|x64.Build.0 = Debug|Any CPU
		{2381FCCB-3A9B-4CAC-A7D5-91872C021E4E}.Debug|x86.ActiveCfg = Debug|Any CPU
		{2381FCCB-3A9B-4CAC-A7D5-91872C021E4E}.Debug|x86.Build.0 = Debug|Any CPU
		{2381FCCB-3A9B-4CAC-A7D5-91872C021E4E}.Release|Any CPU.ActiveCfg = Release|Any CPU
		{2381FCCB-3A9B-4CAC-A7D5-91872C021E4E}.Release|Any CPU.Build.0 = Release|Any CPU
		{2381FCCB-3A9B-4CAC-A7D5-91872C021E4E}.Release|x64.ActiveCfg = Release|Any CPU
		{2381FCCB-3A9B-4CAC-A7D5-91872C021E4E}.Release|x64.Build.0 = Release|Any CPU
		{2381FCCB-3A9B-4CAC-A7D5-91872C021E4E}.Release|x86.ActiveCfg = Release|Any CPU
		{2381FCCB-3A9B-4CAC-A7D5-91872C021E4E}.Release|x86.Build.0 = Release|Any CPU
		{7870C122-B1C1-4693-A70F-18681644AB72}.Debug|Any CPU.ActiveCfg = Debug|Any CPU
		{7870C122-B1C1-4693-A70F-18681644AB72}.Debug|Any CPU.Build.0 = Debug|Any CPU
		{7870C122-B1C1-4693-A70F-18681644AB72}.Debug|x64.ActiveCfg = Debug|Any CPU
		{7870C122-B1C1-4693-A70F-18681644AB72}.Debug|x64.Build.0 = Debug|Any CPU
		{7870C122-B1C1-4693-A70F-18681644AB72}.Debug|x86.ActiveCfg = Debug|Any CPU
		{7870C122-B1C1-4693-A70F-18681644AB72}.Debug|x86.Build.0 = Debug|Any CPU
		{7870C122-B1C1-4693-A70F-18681644AB72}.Release|Any CPU.ActiveCfg = Release|Any CPU
		{7870C122-B1C1-4693-A70F-18681644AB72}.Release|Any CPU.Build.0 = Release|Any CPU
		{7870C122-B1C1-4693-A70F-18681644AB72}.Release|x64.ActiveCfg = Release|Any CPU
		{7870C122-B1C1-4693-A70F-18681644AB72}.Release|x64.Build.0 = Release|Any CPU
		{7870C122-B1C1-4693-A70F-18681644AB72}.Release|x86.ActiveCfg = Release|Any CPU
		{7870C122-B1C1-4693-A70F-18681644AB72}.Release|x86.Build.0 = Release|Any CPU
	EndGlobalSection
	GlobalSection(SolutionProperties) = preSolution
		HideSolutionNode = FALSE
	EndGlobalSection
	GlobalSection(NestedProjects) = preSolution
		{AEF8A624-9ECF-78C1-D333-86591BBE18B8} = {02EA681E-C7D8-13C7-8484-4AC65E1B71E8}
		{9E78DEFD-5F19-30EC-6DA8-FCF2CED4FF9F} = {02EA681E-C7D8-13C7-8484-4AC65E1B71E8}
		{13ACC593-9452-E9E3-874A-488AC595F97C} = {FAB7C805-97C9-4A2F-8D5D-2AE9B480E28C}
		{F6EF255F-1A37-4C5E-B7F6-E82ABF000D65} = {FAB7C805-97C9-4A2F-8D5D-2AE9B480E28C}
		{E47DB90D-937E-4DA5-9425-CD82BDB36B46} = {0A1F7A4C-2FCB-483E-A9E2-0F4E60B5C24A}
		{2EFC67A1-17CA-4811-9B7D-3AEB5F237905} = {0A1F7A4C-2FCB-483E-A9E2-0F4E60B5C24A}
		{53CA63AD-7AB5-4AE8-AA0E-1F60C509B5D4} = {3CB1A534-8A62-4118-9451-79511BDC4EFA}
		{8E614DEC-4F49-4749-BF92-9E6A9465FD5E} = {3CB1A534-8A62-4118-9451-79511BDC4EFA}
		{B9BF085E-2259-4C30-9B86-3816424B81A1} = {0A1F7A4C-2FCB-483E-A9E2-0F4E60B5C24A}
		{8D0FAAAA-BB32-4EC0-8DFE-7B2C444C696E} = {FAB7C805-97C9-4A2F-8D5D-2AE9B480E28C}
		{A24164FF-B924-4C93-BD7A-144D34019BBE} = {3CB1A534-8A62-4118-9451-79511BDC4EFA}
		{2C53A4DF-CDA5-4239-A5FD-B7857EA7F2ED} = {05CFAE51-6DBC-40C1-880C-5EC335F113C7}
		{2D666A34-4AEA-4753-A409-4C767C50BED5} = {0A1F7A4C-2FCB-483E-A9E2-0F4E60B5C24A}
		{32C76CCD-FEEA-4192-A47B-B7B6FC45613A} = {0A1F7A4C-2FCB-483E-A9E2-0F4E60B5C24A}
		{426216BE-0195-4A98-B7DD-1F2B48EA9295} = {FAB7C805-97C9-4A2F-8D5D-2AE9B480E28C}
		{93B4FA61-E651-4FD0-B682-5180597B95BC} = {FAB7C805-97C9-4A2F-8D5D-2AE9B480E28C}
		{11919F3D-8DF7-4665-9E84-539F3EC51235} = {3CB1A534-8A62-4118-9451-79511BDC4EFA}
		{36279D30-E39F-41D7-A3AD-BCABA3807E57} = {3CB1A534-8A62-4118-9451-79511BDC4EFA}
		{DD0C42A2-7661-4FD1-8F80-6533D0409A09} = {0A1F7A4C-2FCB-483E-A9E2-0F4E60B5C24A}
		{9CFB8CE4-A282-41DE-8001-A5E6E6271CED} = {FAB7C805-97C9-4A2F-8D5D-2AE9B480E28C}
		{D033D690-5070-4A10-BAFE-5F627E646BD1} = {3CB1A534-8A62-4118-9451-79511BDC4EFA}
		{0557F7F9-2926-404B-9620-3E8EDD3A2CB4} = {05CFAE51-6DBC-40C1-880C-5EC335F113C7}
		{BAE4300B-2F89-40E9-B191-B7886620B829} = {05CFAE51-6DBC-40C1-880C-5EC335F113C7}
		{0EC3DF4A-73B1-471C-8C91-6593F60B4BBC} = {05CFAE51-6DBC-40C1-880C-5EC335F113C7}
		{2381FCCB-3A9B-4CAC-A7D5-91872C021E4E} = {02EA681E-C7D8-13C7-8484-4AC65E1B71E8}
		{7870C122-B1C1-4693-A70F-18681644AB72} = {827E0CD3-B72D-47B6-A68D-7590B98EB39B}
	EndGlobalSection
	GlobalSection(ExtensibilityGlobals) = postSolution
		SolutionGuid = {49315F09-E792-4EDA-98D4-59D38BA8AB60}
	EndGlobalSection
EndGlobal
